
Microsoft Visual Studio Solution File, Format Version 12.00
# Visual Studio Version 17
VisualStudioVersion = 17.0.31612.314
MinimumVisualStudioVersion = 10.0.40219.1
Project("{FAE04EC0-301F-11D3-BF4B-00C04F79EFBC}") = "2DGameCharlieKevill", "2DGameCharlieKevill\2DGameCharlieKevill.csproj", "{89E6CC44-D6E7-40C7-8C85-E8AC25D77371}"
EndProject
Global
	GlobalSection(SolutionConfigurationPlatforms) = preSolution
		Debug|Any CPU = Debug|Any CPU
		Release|Any CPU = Release|Any CPU
	EndGlobalSection
	GlobalSection(ProjectConfigurationPlatforms) = postSolution
		{89E6CC44-D6E7-40C7-8C85-E8AC25D77371}.Debug|Any CPU.ActiveCfg = Debug|Any CPU
		{89E6CC44-D6E7-40C7-8C85-E8AC25D77371}.Debug|Any CPU.Build.0 = Debug|Any CPU
		{89E6CC44-D6E7-40C7-8C85-E8AC25D77371}.Release|Any CPU.ActiveCfg = Release|Any CPU
		{89E6CC44-D6E7-40C7-8C85-E8AC25D77371}.Release|Any CPU.Build.0 = Release|Any CPU
	EndGlobalSection
	GlobalSection(SolutionProperties) = preSolution
		HideSolutionNode = FALSE
	EndGlobalSection
	GlobalSection(ExtensibilityGlobals) = postSolution
		SolutionGuid = {643AC6CD-7AA4-4E07-A379-F1039F9F3466}
	EndGlobalSection
EndGlobal
